github.com/gabriel-vasile/mimetype v1.4.3 h1:in2uUcidCuFcDKtdcBxlR0rJ1+fsVO5B8Q0PSeKrQo=
github.com/gabriel-vasile/mimetype v1.4.3/go.mod h1:d8uNUmbIzheVtpvZ0aJTvAydIQUpp2omhEqNmsuWes=
github.com/go-playground/locales v0.14.1 h1:EWaQ/wswvMFNi8ujwYp6p7vq5h4+F2XZFIVuSx6SrQ=
github.com/go-playground/locales v0.14.1/go.mod h1:hxrqLVvrK65+Rwrd5Fc6F2O76J0NqWOlgxrSK+G8nY=
github.com/go-playground/universal-translator v0.18.1 h1:Dpl3zoiCOYsSMsLuJH9tPKcaIelQmNUXrLEtEWhTVg=
github.com/go-playground/universal-translator v0.18.1/go.mod h1:xekY+UJKNuX7V3fQMH2QwskwkZ0D92W0F700vYHEgc=
github.com/go-playground/validator/v10 v10.16.0 h1:x+plE831WK4vaKHO0V+Is6qCC0zzrqkCvJGfsVqnUY=
github.com/go-playground/validator/v10 v10.16.0/go.mod h1:9iRZkH3rG6/5IYRbVSbnkyM0CQyqmrXizosvNKuh0U=
github.com/golang-jwt/jwt/v5 v5.0.0 h1:1n1XNM9hsp+nB8R3QeGvRich/2yhNW8M0DJHWhST7s=
github.com/golang-jwt/jwt/v5 v5.0.0/go.mod h1:pqrtFR0X4osiw6ShD7SNnrrY3feDjVYi+aCvWpF38=
github.com/google/uuid v1.5.0 h1:1mNM0qseay4vPEQQmZ2rBy6qbnxNJ5R/8asbT1torrg=
github.com/google/uuid v1.5.0/go.mod h1:TIyPZe4MgqvfeYDBFedMoGkdin5aG0VNnatsiVQd+lY=
github.com/gorilla/mux v1.8.1 h1:TuBL49tXwxGEuxdarzmks5+5Y8+3swPA4R7M52IvU8=
github.com/gorilla/mux v1.8.1/go.mod h1:AKf9I1AEBtSUZzgPYQTdiF2CpJ5FSw8xYgsn+O9S0A=
github.com/leodido/go-urn v1.2.4 h1:XlAE/cm/ms7TE/VMVoduSOMn49+Fl8nHBY0xIXsRdo=
github.com/leodido/go-urn v1.2.4/go.mod h1:7ZrI8mTSeBSHl/UaRyKQW1hsApAmTW6Yuj47i3KAUM=
github.com/lib/pq v1.10.9 h1:YXG7RB+JIjhP29X+OtkiDH8pNEGDoNC3yQ7loLiQ1w=
github.com/lib/pq v1.10.9/go.mod h1:AlVN5x4E4xjaGECn3LolZTM7ajabLDASeC07ih0nSI=
go.uber.org/multierr v1.11.0 h1:blXXJkSxSSfBjlXSZ1ZZFY6d7HX8bbqloyi0umbIp0=
go.uber.org/multierr v1.11.0/go.mod h1:20+QtB0cFa5tg+e5MHw6ksuJ/+j+PAMRRKVj60LO5k=
go.uber.org/zap v1.26.0 h1:sI7k6L95STLS6EVNz7p1mbWMLpVsw+V8z9nqBcSLk4=
go.uber.org/zap v1.26.0/go.mod h1:dtElZagoewJW7zIUXo+7SFqkQ/NdoDoes0hToQkqsDw=
golang.org/x/crypto v0.16.0 h1:mMMrFzRSCF0GvB7Ne27XVtVAaXLrPmgPC7/v0tkwHY=
golang.org/x/crypto v0.16.0/go.mod h1:gCAAfMLgwOJRpqjZxvrYrVUnNOnan1V6FShnrCEMqQ=
golang.org/x/net v0.19.0 h1:zTwKpTd2IuxjstLeSnbcku8nPoCGoaNB3SPfZkaxP0=
golang.org/x/net v0.19.0/go.mod h1:CfAk/cbD4CthTvqiO8kqKDiiLjUVyQv6pDCC6P3MqE=
golang.org/x/sys v0.15.0 h1:frVn1/7tSUbAIO+FEpdnYv2DjlARM/zNrwNA/FdHE8=
golang.org/x/sys v0.15.0/go.mod h1:/VUhepLMsKvEVwm8UFIrXES/+Qyx7fJMFPUCDoh+VU=
golang.org/x/text v0.14.0 h1:ScX5w1eTa60QWvxsNZ5f9RVVNpJyFQtAdis4IB89CQ=
golang.org/x/text v0.14.0/go.mod h1:18ZOQIKpY8NJVqYksKHtTdi31H5itW20PiDh7e8z7Y=
